[[package]]
name = "aiohttp"
version = "3.8.1"
description = "Async http client/server framework (asyncio)"
category = "main"
optional = false
python-versions = ">=3.6"

[package.dependencies]
aiosignal = ">=1.1.2"
async-timeout = ">=4.0.0a3,<5.0"
attrs = ">=17.3.0"
charset-normalizer = ">=2.0,<3.0"
frozenlist = ">=1.1.1"
multidict = ">=4.5,<7.0"
yarl = ">=1.0,<2.0"

[package.extras]
speedups = ["aiodns", "brotli", "cchardet"]

[[package]]
name = "aiosignal"
version = "1.2.0"
description = "aiosignal: a list of registered asynchronous callbacks"
category = "main"
optional = false
python-versions = ">=3.6"

[package.dependencies]
frozenlist = ">=1.1.0"

[[package]]
name = "apscheduler"
version = "3.9.1"
description = "In-process task scheduler with Cron-like capabilities"
category = "main"
optional = false
python-versions = ">=2.7, !=3.0.*, !=3.1.*, !=3.2.*, !=3.3.*, !=3.4.*, <4"

[package.dependencies]
pytz = "*"
six = ">=1.4.0"
tzlocal = ">=2.0,<3.0.0 || >=4.0.0"

[package.extras]
asyncio = ["trollius"]
doc = ["sphinx", "sphinx-rtd-theme"]
gevent = ["gevent"]
mongodb = ["pymongo (>=3.0)"]
redis = ["redis (>=3.0)"]
rethinkdb = ["rethinkdb (>=2.4.0)"]
sqlalchemy = ["sqlalchemy (>=0.8)"]
testing = ["pytest", "pytest-cov", "pytest-tornado5", "mock", "pytest-asyncio (<0.6)", "pytest-asyncio"]
tornado = ["tornado (>=4.3)"]
twisted = ["twisted"]
zookeeper = ["kazoo"]

[[package]]
name = "async-timeout"
version = "4.0.2"
description = "Timeout context manager for asyncio programs"
category = "main"
optional = false
python-versions = ">=3.6"

[[package]]
name = "asyncio-dgram"
version = "2.1.2"
description = "Higher level Datagram support for Asyncio"
category = "main"
optional = false
python-versions = ">=3.5"

[package.extras]
test = ["black (>=20.8b1)", "flake8 (>=3.8.3)", "mypy-extensions (>=0.4.3)", "mypy (>=0.812)", "pytest-asyncio (>=0.14.0)", "pytest (>=5.4.3)", "typed-ast (>=1.4.3)", "typing-extensions (>=3.10.0.0)"]

[[package]]
name = "attrs"
version = "21.4.0"
description = "Classes Without Boilerplate"
category = "main"
optional = false
python-versions = ">=2.7, !=3.0.*, !=3.1.*, !=3.2.*, !=3.3.*, !=3.4.*"

[package.extras]
dev = ["coverage[toml] (>=5.0.2)", "hypothesis", "pympler", "pytest (>=4.3.0)", "six", "mypy", "pytest-mypy-plugins", "zope.interface", "furo", "sphinx", "sphinx-notfound-page", "pre-commit", "cloudpickle"]
docs = ["furo", "sphinx", "zope.interface", "sphinx-notfound-page"]
tests = ["coverage[toml] (>=5.0.2)", "hypothesis", "pympler", "pytest (>=4.3.0)", "six", "mypy", "pytest-mypy-plugins", "zope.interface", "cloudpickle"]
tests_no_zope = ["coverage[toml] (>=5.0.2)", "hypothesis", "pympler", "pytest (>=4.3.0)", "six", "mypy", "pytest-mypy-plugins", "cloudpickle"]

[[package]]
name = "backports.zoneinfo"
version = "0.2.1"
description = "Backport of the standard library zoneinfo module"
category = "main"
optional = false
python-versions = ">=3.6"

[package.extras]
tzdata = ["tzdata"]

[[package]]
name = "brotli"
version = "1.0.9"
description = "Python bindings for the Brotli compression library"
category = "main"
optional = false
python-versions = "*"

[[package]]
name = "brotlicffi"
version = "1.0.9.2"
description = "Python CFFI bindings to the Brotli library"
category = "main"
optional = false
python-versions = "*"

[package.dependencies]
cffi = ">=1.0.0"

[[package]]
name = "certifi"
version = "2022.5.18.1"
description = "Python package for providing Mozilla's CA Bundle."
category = "main"
optional = false
python-versions = ">=3.6"

[[package]]
name = "cffi"
version = "1.15.0"
description = "Foreign Function Interface for Python calling C code."
category = "main"
optional = false
python-versions = "*"

[package.dependencies]
pycparser = "*"

[[package]]
name = "charset-normalizer"
version = "2.0.12"
description = "The Real First Universal Charset Detector. Open, modern and actively maintained alternative to Chardet."
category = "main"
optional = false
python-versions = ">=3.5.0"

[package.extras]
unicode_backport = ["unicodedata2"]

[[package]]
name = "click"
version = "8.1.3"
description = "Composable command line interface toolkit"
category = "main"
optional = false
python-versions = ">=3.7"

[package.dependencies]
colorama = {version = "*", markers = "platform_system == \"Windows\""}

[[package]]
name = "colorama"
version = "0.4.4"
description = "Cross-platform colored terminal text."
category = "main"
optional = false
python-versions = ">=2.7, !=3.0.*, !=3.1.*, !=3.2.*, !=3.3.*, !=3.4.*"

[[package]]
name = "dnspython"
version = "2.2.1"
description = "DNS toolkit"
category = "main"
optional = false
python-versions = ">=3.6,<4.0"

[package.extras]
dnssec = ["cryptography (>=2.6,<37.0)"]
curio = ["curio (>=1.2,<2.0)", "sniffio (>=1.1,<2.0)"]
doh = ["h2 (>=4.1.0)", "httpx (>=0.21.1)", "requests (>=2.23.0,<3.0.0)", "requests-toolbelt (>=0.9.1,<0.10.0)"]
idna = ["idna (>=2.1,<4.0)"]
trio = ["trio (>=0.14,<0.20)"]
wmi = ["wmi (>=1.5.1,<2.0.0)"]

[[package]]
name = "dropbox"
version = "11.31.0"
description = "Official Dropbox API Client"
category = "main"
optional = false
python-versions = "*"

[package.dependencies]
requests = ">=2.16.2"
six = ">=1.12.0"
stone = ">=2"

[[package]]
name = "et-xmlfile"
version = "1.1.0"
description = "An implementation of lxml.xmlfile for the standard library"
category = "main"
optional = false
python-versions = ">=3.6"

[[package]]
name = "flask"
version = "2.2.2"
description = "A simple framework for building complex web applications."
category = "main"
optional = false
python-versions = ">=3.7"

[package.dependencies]
click = ">=8.0"
itsdangerous = ">=2.0"
Jinja2 = ">=3.0"
Werkzeug = ">=2.2.2"

[package.extras]
async = ["asgiref (>=3.2)"]
dotenv = ["python-dotenv"]

[[package]]
name = "frozenlist"
version = "1.3.0"
description = "A list-like structure which implements collections.abc.MutableSequence"
category = "main"
optional = false
python-versions = ">=3.7"

[[package]]
name = "furl"
version = "2.1.3"
description = "URL manipulation made simple."
category = "main"
optional = false
python-versions = "*"

[package.dependencies]
orderedmultidict = ">=1.0.1"
six = ">=1.8.0"

[[package]]
name = "idna"
version = "3.3"
description = "Internationalized Domain Names in Applications (IDNA)"
category = "main"
optional = false
python-versions = ">=3.5"

[[package]]
name = "itsdangerous"
version = "2.1.2"
description = "Safely pass data to untrusted environments and back."
category = "main"
optional = false
python-versions = ">=3.7"

[[package]]
name = "jikanpy"
version = "4.3.2"
description = "Python wrapper for the Jikan API"
category = "main"
optional = false
python-versions = ">=3.6"

[package.dependencies]
aiohttp = "*"
requests = "*"
simplejson = "*"

[[package]]
name = "jinja2"
version = "3.1.2"
description = "A very fast and expressive template engine."
category = "main"
optional = false
python-versions = ">=3.7"

[package.dependencies]
MarkupSafe = ">=2.0"

[package.extras]
i18n = ["Babel (>=2.7)"]

[[package]]
name = "jsonschema"
version = "2.6.0"
description = "An implementation of JSON Schema validation for Python"
category = "main"
optional = false
python-versions = "*"

[package.extras]
format = ["rfc3987", "strict-rfc3339", "webcolors"]

[[package]]
name = "markupsafe"
version = "2.1.1"
description = "Safely add untrusted strings to HTML/XML markup."
category = "main"
optional = false
python-versions = ">=3.7"

[[package]]
name = "mcstatus"
version = "9.0.4"
description = "A library to query Minecraft Servers for their status and capabilities."
category = "main"
optional = false
python-versions = ">=3.7,<4"

[package.dependencies]
asyncio-dgram = "2.1.2"
click = ">=7.1.2,<9"
dnspython = "2.2.1"

[[package]]
name = "multidict"
version = "6.0.2"
description = "multidict implementation"
category = "main"
optional = false
python-versions = ">=3.7"

[[package]]
name = "mutagen"
version = "1.45.1"
description = "read and write audio tags for many formats"
category = "main"
optional = false
python-versions = ">=3.5, <4"

[[package]]
name = "nest-asyncio"
version = "1.5.5"
description = "Patch asyncio to allow nested event loops"
category = "main"
optional = false
python-versions = ">=3.5"

[[package]]
name = "numpy"
version = "1.23.3"
description = "NumPy is the fundamental package for array computing with Python."
category = "main"
optional = false
python-versions = ">=3.8"

[[package]]
name = "openai"
version = "0.19.0"
description = "Python client library for the OpenAI API"
category = "main"
optional = false
python-versions = ">=3.7.1"

[package.dependencies]
openpyxl = ">=3.0.7"
pandas = ">=1.2.3"
pandas-stubs = ">=1.1.0.11"
requests = ">=2.20"
tqdm = "*"

[package.extras]
dev = ["black (>=21.6b0,<22.0.0)", "pytest (>=6.0.0,<7.0.0)"]

[[package]]
name = "openpyxl"
version = "3.0.10"
description = "A Python library to read/write Excel 2010 xlsx/xlsm files"
category = "main"
optional = false
python-versions = ">=3.6"

[package.dependencies]
et-xmlfile = "*"

[[package]]
name = "orderedmultidict"
version = "1.0.1"
description = "Ordered Multivalue Dictionary"
category = "main"
optional = false
python-versions = "*"

[package.dependencies]
six = ">=1.8.0"

[[package]]
name = "pandas"
version = "1.4.2"
description = "Powerful data structures for data analysis, time series, and statistics"
category = "main"
optional = false
python-versions = ">=3.8"

[package.dependencies]
numpy = {version = ">=1.21.0", markers = "python_version >= \"3.10\""}
python-dateutil = ">=2.8.1"
pytz = ">=2020.1"

[package.extras]
test = ["hypothesis (>=5.5.3)", "pytest (>=6.0)", "pytest-xdist (>=1.31)"]

[[package]]
name = "pandas-stubs"
version = "1.2.0.58"
description = "Type annotations for Pandas"
category = "main"
optional = false
python-versions = "*"

[[package]]
name = "pillow"
version = "9.1.1"
description = "Python Imaging Library (Fork)"
category = "main"
optional = false
python-versions = ">=3.7"

[package.extras]
docs = ["olefile", "sphinx (>=2.4)", "sphinx-copybutton", "sphinx-issues (>=3.0.1)", "sphinx-removed-in", "sphinx-rtd-theme (>=1.0)", "sphinxext-opengraph"]
tests = ["check-manifest", "coverage", "defusedxml", "markdown2", "olefile", "packaging", "pyroma", "pytest", "pytest-cov", "pytest-timeout"]

[[package]]
name = "ply"
version = "3.11"
description = "Python Lex & Yacc"
category = "main"
optional = false
python-versions = "*"

[[package]]
name = "py-cord"
version = "2.0.0b5"
description = "A Python wrapper for the Discord API"
category = "main"
optional = false
python-versions = ">=3.8.0"
develop = false

[package.dependencies]
aiohttp = ">=3.6.0,<3.9.0"

[package.extras]
docs = ["sphinx (==4.4.0)", "sphinxcontrib-trio (==1.1.2)", "sphinxcontrib-websupport", "myst-parser"]
speed = ["orjson (>=3.5.4)", "aiodns (>=1.1)", "brotlipy", "cchardet"]
voice = ["PyNaCl (>=1.3.0,<1.6)"]

[package.source]
type = "git"
url = "https://github.com/Pycord-Development/pycord"
reference = "37c9567769a07fae11d77f7505de50d1a2d12785"
resolved_reference = "37c9567769a07fae11d77f7505de50d1a2d12785"

[[package]]
name = "pybooru"
version = "4.2.2"
description = "Pybooru is a Python package to access to the API of Danbooru/Moebooru based sites."
category = "main"
optional = false
python-versions = "*"

[package.dependencies]
requests = "*"

[[package]]
name = "pycparser"
version = "2.21"
description = "C parser in Python"
category = "main"
optional = false
python-versions = ">=2.7, !=3.0.*, !=3.1.*, !=3.2.*, !=3.3.*"

[[package]]
name = "pycryptodomex"
version = "3.14.1"
description = "Cryptographic library for Python"
category = "main"
optional = false
python-versions = ">=2.7, !=3.0.*, !=3.1.*, !=3.2.*, !=3.3.*, !=3.4.*"

[[package]]
name = "pygelbooru"
version = "0.5.0"
description = "PyGelbooru is an unofficial and lightweight asynchronous library for Gelbooru compatible API's."
category = "main"
optional = false
python-versions = "*"

[package.dependencies]
aiohttp = "*"
furl = "*"
xmltodict = "*"

[[package]]
name = "pynacl"
version = "1.5.0"
description = "Python binding to the Networking and Cryptography (NaCl) library"
category = "main"
optional = false
python-versions = ">=3.6"

[package.dependencies]
cffi = ">=1.4.1"

[package.extras]
docs = ["sphinx (>=1.6.5)", "sphinx-rtd-theme"]
tests = ["pytest (>=3.2.1,!=3.3.0)", "hypothesis (>=3.27.0)"]

[[package]]
name = "python-dateutil"
version = "2.8.2"
description = "Extensions to the standard Python datetime module"
category = "main"
optional = false
python-versions = "!=3.0.*,!=3.1.*,!=3.2.*,>=2.7"

[package.dependencies]
six = ">=1.5"

[[package]]
name = "pytz"
version = "2022.1"
description = "World timezone definitions, modern and historical"
category = "main"
optional = false
python-versions = "*"

[[package]]
name = "pytz-deprecation-shim"
version = "0.1.0.post0"
description = "Shims to make deprecation of pytz easier"
category = "main"
optional = false
python-versions = "!=3.0.*,!=3.1.*,!=3.2.*,!=3.3.*,!=3.4.*,!=3.5.*,>=2.7"

[package.dependencies]
tzdata = {version = "*", markers = "python_version >= \"3.6\""}

[[package]]
name = "requests"
version = "2.27.1"
description = "Python HTTP for Humans."
category = "main"
optional = false
python-versions = ">=2.7, !=3.0.*, !=3.1.*, !=3.2.*, !=3.3.*, !=3.4.*, !=3.5.*"

[package.dependencies]
certifi = ">=2017.4.17"
charset-normalizer = {version = ">=2.0.0,<2.1.0", markers = "python_version >= \"3\""}
idna = {version = ">=2.5,<4", markers = "python_version >= \"3\""}
urllib3 = ">=1.21.1,<1.27"

[package.extras]
socks = ["PySocks (>=1.5.6,!=1.5.7)", "win-inet-pton"]
use_chardet_on_py3 = ["chardet (>=3.0.2,<5)"]

[[package]]
name = "simplejson"
version = "3.17.6"
description = "Simple, fast, extensible JSON encoder/decoder for Python"
category = "main"
optional = false
python-versions = ">=2.5, !=3.0.*, !=3.1.*, !=3.2.*"

[[package]]
name = "six"
version = "1.16.0"
description = "Python 2 and 3 compatibility utilities"
category = "main"
optional = false
python-versions = ">=2.7, !=3.0.*, !=3.1.*, !=3.2.*"

[[package]]
name = "stone"
version = "3.3.1"
description = "Stone is an interface description language (IDL) for APIs."
category = "main"
optional = false
python-versions = "*"

[package.dependencies]
ply = ">=3.4"
six = ">=1.12.0"

[[package]]
name = "tenacity"
version = "8.0.1"
description = "Retry code until it succeeds"
category = "main"
optional = false
python-versions = ">=3.6"

[package.extras]
doc = ["reno", "sphinx", "tornado (>=4.5)"]

[[package]]
name = "tqdm"
version = "4.63.0"
description = "Fast, Extensible Progress Meter"
category = "main"
optional = false
python-versions = "!=3.0.*,!=3.1.*,!=3.2.*,!=3.3.*,>=2.7"

[package.dependencies]
colorama = {version = "*", markers = "platform_system == \"Windows\""}

[package.extras]
dev = ["py-make (>=0.1.0)", "twine", "wheel"]
notebook = ["ipywidgets (>=6)"]
telegram = ["requests"]

[[package]]
name = "tzdata"
version = "2022.1"
description = "Provider of IANA time zone data"
category = "main"
optional = false
python-versions = ">=2"

[[package]]
name = "tzlocal"
version = "4.2"
description = "tzinfo object for the local timezone"
category = "main"
optional = false
python-versions = ">=3.6"

[package.dependencies]
pytz-deprecation-shim = "*"
tzdata = {version = "*", markers = "platform_system == \"Windows\""}

[package.extras]
devenv = ["black", "pyroma", "pytest-cov", "zest.releaser"]
test = ["pytest-mock (>=3.3)", "pytest (>=4.3)"]

[[package]]
name = "urllib3"
version = "1.26.9"
description = "HTTP library with thread-safe connection pooling, file post, and more."
category = "main"
optional = false
python-versions = ">=2.7, !=3.0.*, !=3.1.*, !=3.2.*, !=3.3.*, !=3.4.*, <4"

[package.extras]
brotli = ["brotlicffi (>=0.8.0)", "brotli (>=1.0.9)", "brotlipy (>=0.6.0)"]
secure = ["pyOpenSSL (>=0.14)", "cryptography (>=1.3.4)", "idna (>=2.0.0)", "certifi", "ipaddress"]
socks = ["PySocks (>=1.5.6,!=1.5.7,<2.0)"]

[[package]]
name = "websockets"
version = "10.3"
description = "An implementation of the WebSocket Protocol (RFC 6455 & 7692)"
category = "main"
optional = false
python-versions = ">=3.7"

[[package]]
name = "werkzeug"
version = "2.2.2"
description = "The comprehensive WSGI web application library."
category = "main"
optional = false
python-versions = ">=3.7"

[package.dependencies]
MarkupSafe = ">=2.1.1"

[package.extras]
watchdog = ["watchdog"]

[[package]]
name = "xmltodict"
version = "0.13.0"
description = "Makes working with XML feel like you are working with JSON"
category = "main"
optional = false
python-versions = ">=3.4"

[[package]]
name = "yarl"
version = "1.7.2"
description = "Yet another URL library"
category = "main"
optional = false
python-versions = ">=3.6"

[package.dependencies]
idna = ">=2.0"
multidict = ">=4.0"

[[package]]
name = "youtube-search"
version = "2.1.0"
description = "Perform YouTube video searches without the API"
category = "main"
optional = false
python-versions = "*"

[package.dependencies]
requests = "*"

[[package]]
name = "yt-dlp"
version = "2022.5.18"
description = "A youtube-dl fork with additional features and patches"
category = "main"
optional = false
python-versions = ">=3.6"

[package.dependencies]
brotli = {version = "*", markers = "platform_python_implementation == \"CPython\""}
brotlicffi = {version = "*", markers = "platform_python_implementation != \"CPython\""}
certifi = "*"
mutagen = "*"
pycryptodomex = "*"
websockets = "*"

[metadata]
lock-version = "1.1"
python-versions = "^3.10"
content-hash = "e1a8aa0ce4a8d839e11913dbe536fe167ac36252638774e2ceffd6dc073f6ef7"

[metadata.files]
aiohttp = []
aiosignal = []
apscheduler = []
async-timeout = []
asyncio-dgram = []
attrs = []
"backports.zoneinfo" = []
brotli = []
brotlicffi = []
certifi = []
cffi = []
charset-normalizer = []
click = []
colorama = []
dnspython = []
dropbox = []
et-xmlfile = []
flask = []
frozenlist = []
furl = []
idna = []
itsdangerous = []
jikanpy = []
jinja2 = []
jsonschema = []
markupsafe = []
mcstatus = []
multidict = []
mutagen = []
nest-asyncio = []
numpy = []
openai = []
openpyxl = []
orderedmultidict = []
pandas = []
pandas-stubs = []
pillow = []
ply = []
py-cord = []
pybooru = []
pycparser = []
pycryptodomex = []
pygelbooru = []
pynacl = []
python-dateutil = []
pytz = []
pytz-deprecation-shim = []
requests = []
simplejson = []
six = []
stone = []
tenacity = []
tqdm = []
tzdata = []
tzlocal = []
urllib3 = []
websockets = []
werkzeug = []
xmltodict = []
yarl = []
youtube-search = []
yt-dlp = []
